// !$*UTF8*$!
{
	archiveVersion = 1;
	classes = {
	};
	objectVersion = 50;
	objects = {

/* Begin PBXBuildFile section */
		53ACF89D22B696AD00579F81 /* AppDelegate.swift in Sources */ = {isa = PBXBuildFile; fileRef = 53ACF89C22B696AD00579F81 /* AppDelegate.swift */; };
		53ACF89F22B696AD00579F81 /* ViewController.swift in Sources */ = {isa = PBXBuildFile; fileRef = 53ACF89E22B696AD00579F81 /* ViewController.swift */; };
		53ACF8A222B696AD00579F81 /* Main.storyboard in Resources */ = {isa = PBXBuildFile; fileRef = 53ACF8A022B696AD00579F81 /* Main.storyboard */; };
		53ACF8A422B696AE00579F81 /* Assets.xcassets in Resources */ = {isa = PBXBuildFile; fileRef = 53ACF8A322B696AE00579F81 /* Assets.xcassets */; };
		53ACF8A722B696AE00579F81 /* LaunchScreen.storyboard in Resources */ = {isa = PBXBuildFile; fileRef = 53ACF8A522B696AE00579F81 /* LaunchScreen.storyboard */; };
		53ACF8B622B696E800579F81 /* NewNotifications.swift in Sources */ = {isa = PBXBuildFile; fileRef = 53ACF8B522B696E800579F81 /* NewNotifications.swift */; };
		53ACF8BB22B6971D00579F81 /* INewNotification.swift in Sources */ = {isa = PBXBuildFile; fileRef = 53ACF8B822B6971D00579F81 /* INewNotification.swift */; };
		53ACF8BC22B6971D00579F81 /* NewNotification.swift in Sources */ = {isa = PBXBuildFile; fileRef = 53ACF8B922B6971D00579F81 /* NewNotification.swift */; };
		53ACF8BD22B6971D00579F81 /* NewNotificationCenter.swift in Sources */ = {isa = PBXBuildFile; fileRef = 53ACF8BA22B6971D00579F81 /* NewNotificationCenter.swift */; };
		53ACF8BF22B6977400579F81 /* DetailController.swift in Sources */ = {isa = PBXBuildFile; fileRef = 53ACF8BE22B6977400579F81 /* DetailController.swift */; };
		53ACF8C122B697A400579F81 /* ThirdViewController.swift in Sources */ = {isa = PBXBuildFile; fileRef = 53ACF8C022B697A400579F81 /* ThirdViewController.swift */; };
/* End PBXBuildFile section */

/* Begin PBXFileReference section */
		53ACF89922B696AD00579F81 /* SwiftNotificationDemo.app */ = {isa = PBXFileReference; explicitFileType = wrapper.application; includeInIndex = 0; path = SwiftNotificationDemo.app; sourceTree = BUILT_PRODUCTS_DIR; };
		53ACF89C22B696AD00579F81 /* AppDelegate.swift */ = {isa = PBXFileReference; lastKnownFileType = sourcecode.swift; path = AppDelegate.swift; sourceTree = "<group>"; };
		53ACF89E22B696AD00579F81 /* ViewController.swift */ = {isa = PBXFileReference; lastKnownFileType = sourcecode.swift; path = ViewController.swift; sourceTree = "<group>"; };
		53ACF8A122B696AD00579F81 /* Base */ = {isa = PBXFileReference; lastKnownFileType = file.storyboard; name = Base; path = Base.lproj/Main.storyboard; sourceTree = "<group>"; };
		53ACF8A322B696AE00579F81 /* Assets.xcassets */ = {isa = PBXFileReference; lastKnownFileType = folder.assetcatalog; path = Assets.xcassets; sourceTree = "<group>"; };
		53ACF8A622B696AE00579F81 /* Base */ = {isa = PBXFileReference; lastKnownFileType = file.storyboard; name = Base; path = Base.lproj/LaunchScreen.storyboard; sourceTree = "<group>"; };
		53ACF8A822B696AE00579F81 /* Info.plist */ = {isa = PBXFileReference; lastKnownFileType = text.plist.xml; path = Info.plist; sourceTree = "<group>"; };
		53ACF8B522B696E800579F81 /* NewNotifications.swift */ = {isa = PBXFileReference; lastKnownFileType = sourcecode.swift; path = NewNotifications.swift; sourceTree = "<group>"; };
		53ACF8B822B6971D00579F81 /* INewNotification.swift */ = {isa = PBXFileReference; fileEncoding = 4; lastKnownFileType = sourcecode.swift; path = INewNotification.swift; sourceTree = "<group>"; };
		53ACF8B922B6971D00579F81 /* NewNotification.swift */ = {isa = PBXFileReference; fileEncoding = 4; lastKnownFileType = sourcecode.swift; path = NewNotification.swift; sourceTree = "<group>"; };
		53ACF8BA22B6971D00579F81 /* NewNotificationCenter.swift */ = {isa = PBXFileReference; fileEncoding = 4; lastKnownFileType = sourcecode.swift; path = NewNotificationCenter.swift; sourceTree = "<group>"; };
		53ACF8BE22B6977400579F81 /* DetailController.swift */ = {isa = PBXFileReference; lastKnownFileType = sourcecode.swift; path = DetailController.swift; sourceTree = "<group>"; };
		53ACF8C022B697A400579F81 /* ThirdViewController.swift */ = {isa = PBXFileReference; lastKnownFileType = sourcecode.swift; path = ThirdViewController.swift; sourceTree = "<group>"; };
/* End PBXFileReference section */

/* Begin PBXFrameworksBuildPhase section */
		53ACF89622B696AD00579F81 /* Frameworks */ = {
			isa = PBXFrameworksBuildPhase;
			buildActionMask = 2147483647;
			files = (
			);
			runOnlyForDeploymentPostprocessing = 0;
		};
/* End PBXFrameworksBuildPhase section */

/* Begin PBXGroup section */
		53ACF89022B696AD00579F81 = {
			isa = PBXGroup;
			children = (
				53ACF89B22B696AD00579F81 /* SwiftNotificationDemo */,
				53ACF89A22B696AD00579F81 /* Products */,
			);
			sourceTree = "<group>";
		};
		53ACF89A22B696AD00579F81 /* Products */ = {
			isa = PBXGroup;
			children = (
				53ACF89922B696AD00579F81 /* SwiftNotificationDemo.app */,
			);
			name = Products;
			sourceTree = "<group>";
		};
		53ACF89B22B696AD00579F81 /* SwiftNotificationDemo */ = {
			isa = PBXGroup;
			children = (
				53ACF8B722B6971D00579F81 /* SwiftyNotification */,
				53ACF89C22B696AD00579F81 /* AppDelegate.swift */,
				53ACF8B522B696E800579F81 /* NewNotifications.swift */,
				53ACF89E22B696AD00579F81 /* ViewController.swift */,
				53ACF8BE22B6977400579F81 /* DetailController.swift */,
				53ACF8C022B697A400579F81 /* ThirdViewController.swift */,
				53ACF8A022B696AD00579F81 /* Main.storyboard */,
				53ACF8A322B696AE00579F81 /* Assets.xcassets */,
				53ACF8A522B696AE00579F81 /* LaunchScreen.storyboard */,
				53ACF8A822B696AE00579F81 /* Info.plist */,
			);
			path = SwiftNotificationDemo;
			sourceTree = "<group>";
		};
		53ACF8B722B6971D00579F81 /* SwiftyNotification */ = {
			isa = PBXGroup;
			children = (
				53ACF8B822B6971D00579F81 /* INewNotification.swift */,
				53ACF8B922B6971D00579F81 /* NewNotification.swift */,
				53ACF8BA22B6971D00579F81 /* NewNotificationCenter.swift */,
			);
			path = SwiftyNotification;
			sourceTree = "<group>";
		};
/* End PBXGroup section */

/* Begin PBXNativeTarget section */
		53ACF89822B696AD00579F81 /* SwiftNotificationDemo */ = {
			isa = PBXNativeTarget;
			buildConfigurationList = 53ACF8AB22B696AE00579F81 /* Build configuration list for PBXNativeTarget "SwiftNotificationDemo" */;
			buildPhases = (
				53ACF89522B696AD00579F81 /* Sources */,
				53ACF89622B696AD00579F81 /* Frameworks */,
				53ACF89722B696AD00579F81 /* Resources */,
			);
			buildRules = (
			);
			dependencies = (
			);
			name = SwiftNotificationDemo;
			productName = SwiftNotificationDemo;
			productReference = 53ACF89922B696AD00579F81 /* SwiftNotificationDemo.app */;
			productType = "com.apple.product-type.application";
		};
/* End PBXNativeTarget section */

/* Begin PBXProject section */
		53ACF89122B696AD00579F81 /* Project object */ = {
			isa = PBXProject;
			attributes = {
				LastSwiftUpdateCheck = 1020;
				LastUpgradeCheck = 1020;
				ORGANIZATIONNAME = wangjungang;
				TargetAttributes = {
					53ACF89822B696AD00579F81 = {
						CreatedOnToolsVersion = 10.2.1;
					};
				};
			};
			buildConfigurationList = 53ACF89422B696AD00579F81 /* Build configuration list for PBXProject "SwiftNotificationDemo" */;
			compatibilityVersion = "Xcode 9.3";
			developmentRegion = en;
			hasScannedForEncodings = 0;
			knownRegions = (
				en,
				Base,
			);
			mainGroup = 53ACF89022B696AD00579F81;
			productRefGroup = 53ACF89A22B696AD00579F81 /* Products */;
			projectDirPath = "";
			projectRoot = "";
			targets = (
				53ACF89822B696AD00579F81 /* SwiftNotificationDemo */,
			);
		};
/* End PBXProject section */

/* Begin PBXResourcesBuildPhase section */
		53ACF89722B696AD00579F81 /* Resources */ = {
			isa = PBXResourcesBuildPhase;
			buildActionMask = 2147483647;
			files = (
				53ACF8A722B696AE00579F81 /* LaunchScreen.storyboard in Resources */,
				53ACF8A422B696AE00579F81 /* Assets.xcassets in Resources */,
				53ACF8A222B696AD00579F81 /* Main.storyboard in Resources */,
			);
			runOnlyForDeploymentPostprocessing = 0;
		};
/* End PBXResourcesBuildPhase section */

/* Begin PBXSourcesBuildPhase section */
		53ACF89522B696AD00579F81 /* Sources */ = {
			isa = PBXSourcesBuildPhase;
			buildActionMask = 2147483647;
			files = (
				53ACF8BD22B6971D00579F81 /* NewNotificationCenter.swift in Sources */,
				53ACF8BF22B6977400579F81 /* DetailController.swift in Sources */,
				53ACF89F22B696AD00579F81 /* ViewController.swift in Sources */,
				53ACF8B622B696E800579F81 /* NewNotifications.swift in Sources */,
				53ACF89D22B696AD00579F81 /* AppDelegate.swift in Sources */,
				53ACF8BB22B6971D00579F81 /* INewNotification.swift in Sources */,
				53ACF8C122B697A400579F81 /* ThirdViewController.swift in Sources */,
				53ACF8BC22B6971D00579F81 /* NewNotification.swift in Sources */,
			);
			runOnlyForDeploymentPostprocessing = 0;
		};
/* End PBXSourcesBuildPhase section */

/* Begin PBXVariantGroup section */
		53ACF8A022B696AD00579F81 /* Main.storyboard */ = {
			isa = PBXVariantGroup;
			children = (
				53ACF8A122B696AD00579F81 /* Base */,
			);
			name = Main.storyboard;
			sourceTree = "<group>";
		};
		53ACF8A522B696AE00579F81 /* LaunchScreen.storyboard */ = {
			isa = PBXVariantGroup;
			children = (
				53ACF8A622B696AE00579F81 /* Base */,
			);
			name = LaunchScreen.storyboard;
			sourceTree = "<group>";
		};
/* End PBXVariantGroup section */

/* Begin XCBuildConfiguration section */
		53ACF8A922B696AE00579F81 /* Debug */ = {
			isa = XCBuildConfiguration;
			buildSettings = {
				ALWAYS_SEARCH_USER_PATHS = NO;
				CLANG_ANALYZER_NONNULL = YES;
				CLANG_ANALYZER_NUMBER_OBJECT_CONVERSION = YES_AGGRESSIVE;
				CLANG_CXX_LANGUAGE_STANDARD = "gnu++14";
				CLANG_CXX_LIBRARY = "libc++";
				CLANG_ENABLE_MODULES = YES;
				CLANG_ENABLE_OBJC_ARC = YES;
				CLANG_ENABLE_OBJC_WEAK = YES;
				CLANG_WARN_BLOCK_CAPTURE_AUTORELEASING = YES;
				CLANG_WARN_BOOL_CONVERSION = YES;
				CLANG_WARN_COMMA = YES;
				CLANG_WARN_CONSTANT_CONVERSION = YES;
				CLANG_WARN_DEPRECATED_OBJC_IMPLEMENTATIONS = YES;
				CLANG_WARN_DIRECT_OBJC_ISA_USAGE = YES_ERROR;
				CLANG_WARN_DOCUMENTATION_COMMENTS = YES;
				CLANG_WARN_EMPTY_BODY = YES;
				CLANG_WARN_ENUM_CONVERSION = YES;
				CLANG_WARN_INFINITE_RECURSION = YES;
				CLANG_WARN_INT_CONVERSION = YES;
				CLANG_WARN_NON_LITERAL_NULL_CONVERSION = YES;
				CLANG_WARN_OBJC_IMPLICIT_RETAIN_SELF = YES;
				CLANG_WARN_OBJC_LITERAL_CONVERSION = YES;
				CLANG_WARN_OBJC_ROOT_CLASS = YES_ERROR;
				CLANG_WARN_RANGE_LOOP_ANALYSIS = YES;
				CLANG_WARN_STRICT_PROTOTYPES = YES;
				CLANG_WARN_SUSPICIOUS_MOVE = YES;
				CLANG_WARN_UNGUARDED_AVAILABILITY = YES_AGGRESSIVE;
				CLANG_WARN_UNREACHABLE_CODE = YES;
				CLANG_WARN__DUPLICATE_METHOD_MATCH = YES;
				CODE_SIGN_IDENTITY = "iPhone Developer";
				COPY_PHASE_STRIP = NO;
				DEBUG_INFORMATION_FORMAT = dwarf;
				ENABLE_STRICT_OBJC_MSGSEND = YES;
				ENABLE_TESTABILITY = YES;
				GCC_C_LANGUAGE_STANDARD = gnu11;
				GCC_DYNAMIC_NO_PIC = NO;
				GCC_NO_COMMON_BLOCKS = YES;
				GCC_OPTIMIZATION_LEVEL = 0;
				GCC_PREPROCESSOR_DEFINITIONS = (
					"DEBUG=1",
					"$(inherited)",
				);
				GCC_WARN_64_TO_32_BIT_CONVERSION = YES;
				GCC_WARN_ABOUT_RETURN_TYPE = YES_ERROR;
				GCC_WARN_UNDECLARED_SELECTOR = YES;
				GCC_WARN_UNINITIALIZED_AUTOS = YES_AGGRESSIVE;
				GCC_WARN_UNUSED_FUNCTION = YES;
				GCC_WARN_UNUSED_VARIABLE = YES;
				IPHONEOS_DEPLOYMENT_TARGET = 12.2;
				MTL_ENABLE_DEBUG_INFO = INCLUDE_SOURCE;
				MTL_FAST_MATH = YES;
				ONLY_ACTIVE_ARCH = YES;
				SDKROOT = iphoneos;
				SWIFT_ACTIVE_COMPILATION_CONDITIONS = DEBUG;
				SWIFT_OPTIMIZATION_LEVEL = "-Onone";
			};
			name = Debug;
		};
		53ACF8AA22B696AE00579F81 /* Release */ = {
			isa = XCBuildConfiguration;
			buildSettings = {
				ALWAYS_SEARCH_USER_PATHS = NO;
				CLANG_ANALYZER_NONNULL = YES;
				CLANG_ANALYZER_NUMBER_OBJECT_CONVERSION = YES_AGGRESSIVE;
				CLANG_CXX_LANGUAGE_STANDARD = "gnu++14";
				CLANG_CXX_LIBRARY = "libc++";
				CLANG_ENABLE_MODULES = YES;
				CLANG_ENABLE_OBJC_ARC = YES;
				CLANG_ENABLE_OBJC_WEAK = YES;
				CLANG_WARN_BLOCK_CAPTURE_AUTORELEASING = YES;
				CLANG_WARN_BOOL_CONVERSION = YES;
				CLANG_WARN_COMMA = YES;
				CLANG_WARN_CONSTANT_CONVERSION = YES;
				CLANG_WARN_DEPRECATED_OBJC_IMPLEMENTATIONS = YES;
				CLANG_WARN_DIRECT_OBJC_ISA_USAGE = YES_ERROR;
				CLANG_WARN_DOCUMENTATION_COMMENTS = YES;
				CLANG_WARN_EMPTY_BODY = YES;
				CLANG_WARN_ENUM_CONVERSION = YES;
				CLANG_WARN_INFINITE_RECURSION = YES;
				CLANG_WARN_INT_CONVERSION = YES;
				CLANG_WARN_NON_LITERAL_NULL_CONVERSION = YES;
				CLANG_WARN_OBJC_IMPLICIT_RETAIN_SELF = YES;
				CLANG_WARN_OBJC_LITERAL_CONVERSION = YES;
				CLANG_WARN_OBJC_ROOT_CLASS = YES_ERROR;
				CLANG_WARN_RANGE_LOOP_ANALYSIS = YES;
				CLANG_WARN_STRICT_PROTOTYPES = YES;
				CLANG_WARN_SUSPICIOUS_MOVE = YES;
				CLANG_WARN_UNGUARDED_AVAILABILITY = YES_AGGRESSIVE;
				CLANG_WARN_UNREACHABLE_CODE = YES;
				CLANG_WARN__DUPLICATE_METHOD_MATCH = YES;
				CODE_SIGN_IDENTITY = "iPhone Developer";
				COPY_PHASE_STRIP = NO;
				DEBUG_INFORMATION_FORMAT = "dwarf-with-dsym";
				ENABLE_NS_ASSERTIONS = NO;
				ENABLE_STRICT_OBJC_MSGSEND = YES;
				GCC_C_LANGUAGE_STANDARD = gnu11;
				GCC_NO_COMMON_BLOCKS = YES;
				GCC_WARN_64_TO_32_BIT_CONVERSION = YES;
				GCC_WARN_ABOUT_RETURN_TYPE = YES_ERROR;
				GCC_WARN_UNDECLARED_SELECTOR = YES;
				GCC_WARN_UNINITIALIZED_AUTOS = YES_AGGRESSIVE;
				GCC_WARN_UNUSED_FUNCTION = YES;
				GCC_WARN_UNUSED_VARIABLE = YES;
				IPHONEOS_DEPLOYMENT_TARGET = 12.2;
				MTL_ENABLE_DEBUG_INFO = NO;
				MTL_FAST_MATH = YES;
				SDKROOT = iphoneos;
				SWIFT_COMPILATION_MODE = wholemodule;
				SWIFT_OPTIMIZATION_LEVEL = "-O";
				VALIDATE_PRODUCT = YES;
			};
			name = Release;
		};
		53ACF8AC22B696AE00579F81 /* Debug */ = {
			isa = XCBuildConfiguration;
			buildSettings = {
				ASSETCATALOG_COMPILER_APPICON_NAME = AppIcon;
				CODE_SIGN_STYLE = Automatic;
				DEVELOPMENT_TEAM = GK32MS57S7;
				INFOPLIST_FILE = SwiftNotificationDemo/Info.plist;
				LD_RUNPATH_SEARCH_PATHS = (
					"$(inherited)",
					"@executable_path/Frameworks",
				);
				PRODUCT_BUNDLE_IDENTIFIER = com.xykj.wangjungang.SwiftNotificationDemo;
				PRODUCT_NAME = "$(TARGET_NAME)";
				SWIFT_VERSION = 5.0;
				TARGETED_DEVICE_FAMILY = "1,2";
			};
			name = Debug;
		};
		53ACF8AD22B696AE00579F81 /* Release */ = {
			isa = XCBuildConfiguration;
			buildSettings = {
				ASSETCATALOG_COMPILER_APPICON_NAME = AppIcon;
				CODE_SIGN_STYLE = Automatic;
				DEVELOPMENT_TEAM = GK32MS57S7;
				INFOPLIST_FILE = SwiftNotificationDemo/Info.plist;
				LD_RUNPATH_SEARCH_PATHS = (
					"$(inherited)",
					"@executable_path/Frameworks",
				);
				PRODUCT_BUNDLE_IDENTIFIER = com.xykj.wangjungang.SwiftNotificationDemo;
				PRODUCT_NAME = "$(TARGET_NAME)";
				SWIFT_VERSION = 5.0;
				TARGETED_DEVICE_FAMILY = "1,2";
			};
			name = Release;
		};
/* End XCBuildConfiguration section */

/* Begin XCConfigurationList section */
		53ACF89422B696AD00579F81 /* Build configuration list for PBXProject "SwiftNotificationDemo" */ = {
			isa = XCConfigurationList;
			buildConfigurations = (
				53ACF8A922B696AE00579F81 /* Debug */,
				53ACF8AA22B696AE00579F81 /* Release */,
			);
			defaultConfigurationIsVisible = 0;
			defaultConfigurationName = Release;
		};
		53ACF8AB22B696AE00579F81 /* Build configuration list for PBXNativeTarget "SwiftNotificationDemo" */ = {
			isa = XCConfigurationList;
			buildConfigurations = (
				53ACF8AC22B696AE00579F81 /* Debug */,
				53ACF8AD22B696AE00579F81 /* Release */,
			);
			defaultConfigurationIsVisible = 0;
			defaultConfigurationName = Release;
		};
/* End XCConfigurationList section */
	};
	rootObject = 53ACF89122B696AD00579F81 /* Project object */;
}
